
Microsoft Visual Studio Solution File, Format Version 12.00
# Visual Studio Version 17
VisualStudioVersion = 17.7.34031.279
MinimumVisualStudioVersion = 10.0.40219.1
Project("{FAE04EC0-301F-11D3-BF4B-00C04F79EFBC}") = "AKYoutubeAutomationProject.Server", "Server\AKYoutubeAutomationProject.Server.csproj", "{7AD6FE72-A8C4-4F24-87FF-554AEE358ACD}"
EndProject
Project("{FAE04EC0-301F-11D3-BF4B-00C04F79EFBC}") = "AKYoutubeAutomationProject.Client", "Client\AKYoutubeAutomationProject.Client.csproj", "{3C1798E5-77DC-4EA5-8DD6-C844D3D60CAF}"
EndProject
Project("{FAE04EC0-301F-11D3-BF4B-00C04F79EFBC}") = "AKYoutubeAutomationProject.Shared", "Shared\AKYoutubeAutomationProject.Shared.csproj", "{87CC82B5-F431-4698-A2CB-A8516AC38290}"
EndProject
Global
	GlobalSection(SolutionConfigurationPlatforms) = preSolution
		Debug|Any CPU = Debug|Any CPU
		Release|Any CPU = Release|Any CPU
	EndGlobalSection
	GlobalSection(ProjectConfigurationPlatforms) = postSolution
		{7AD6FE72-A8C4-4F24-87FF-554AEE358ACD}.Debug|Any CPU.ActiveCfg = Debug|Any CPU
		{7AD6FE72-A8C4-4F24-87FF-554AEE358ACD}.Debug|Any CPU.Build.0 = Debug|Any CPU
		{7AD6FE72-A8C4-4F24-87FF-554AEE358ACD}.Release|Any CPU.ActiveCfg = Release|Any CPU
		{7AD6FE72-A8C4-4F24-87FF-554AEE358ACD}.Release|Any CPU.Build.0 = Release|Any CPU
		{3C1798E5-77DC-4EA5-8DD6-C844D3D60CAF}.Debug|Any CPU.ActiveCfg = Debug|Any CPU
		{3C1798E5-77DC-4EA5-8DD6-C844D3D60CAF}.Debug|Any CPU.Build.0 = Debug|Any CPU
		{3C1798E5-77DC-4EA5-8DD6-C844D3D60CAF}.Release|Any CPU.ActiveCfg = Release|Any CPU
		{3C1798E5-77DC-4EA5-8DD6-C844D3D60CAF}.Release|Any CPU.Build.0 = Release|Any CPU
		{87CC82B5-F431-4698-A2CB-A8516AC38290}.Debug|Any CPU.ActiveCfg = Debug|Any CPU
		{87CC82B5-F431-4698-A2CB-A8516AC38290}.Debug|Any CPU.Build.0 = Debug|Any CPU
		{87CC82B5-F431-4698-A2CB-A8516AC38290}.Release|Any CPU.ActiveCfg = Release|Any CPU
		{87CC82B5-F431-4698-A2CB-A8516AC38290}.Release|Any CPU.Build.0 = Release|Any CPU
	EndGlobalSection
	GlobalSection(SolutionProperties) = preSolution
		HideSolutionNode = FALSE
	EndGlobalSection
	GlobalSection(ExtensibilityGlobals) = postSolution
		SolutionGuid = {D4121F1A-D54F-4371-B90C-2C0D9CA2D2A7}
	EndGlobalSection
EndGlobal
